
Microsoft Visual Studio Solution File, Format Version 12.00
# Visual Studio 14
VisualStudioVersion = 14.0.25420.1
MinimumVisualStudioVersion = 10.0.40219.1
Project("{CC5FD16D-436D-48AD-A40C-5A424C6E3E79}") = "CloudService", "CloudService.ccproj", "{7AD60D66-F5BF-4654-8C87-E3BC5E3BED4A}"
EndProject
Project("{FAE04EC0-301F-11D3-BF4B-00C04F79EFBC}") = "WebRole", "WebRole\WebRole.csproj", "{EC5EBF5F-050B-4E5D-8CBA-F8378442CF9C}"
EndProject
Project("{FAE04EC0-301F-11D3-BF4B-00C04F79EFBC}") = "WebRole.Tests", "WebRole.Tests\WebRole.Tests.csproj", "{729BD458-BC88-4339-9C79-3E68537C4456}"
EndProject
Global
	GlobalSection(SolutionConfigurationPlatforms) = preSolution
		Debug|Any CPU = Debug|Any CPU
		Release|Any CPU = Release|Any CPU
	EndGlobalSection
	GlobalSection(ProjectConfigurationPlatforms) = postSolution
		{7AD60D66-F5BF-4654-8C87-E3BC5E3BED4A}.Debug|Any CPU.ActiveCfg = Debug|Any CPU
		{7AD60D66-F5BF-4654-8C87-E3BC5E3BED4A}.Debug|Any CPU.Build.0 = Debug|Any CPU
		{7AD60D66-F5BF-4654-8C87-E3BC5E3BED4A}.Release|Any CPU.ActiveCfg = Release|Any CPU
		{7AD60D66-F5BF-4654-8C87-E3BC5E3BED4A}.Release|Any CPU.Build.0 = Release|Any CPU
		{EC5EBF5F-050B-4E5D-8CBA-F8378442CF9C}.Debug|Any CPU.ActiveCfg = Debug|Any CPU
		{EC5EBF5F-050B-4E5D-8CBA-F8378442CF9C}.Debug|Any CPU.Build.0 = Debug|Any CPU
		{EC5EBF5F-050B-4E5D-8CBA-F8378442CF9C}.Release|Any CPU.ActiveCfg = Release|Any CPU
		{EC5EBF5F-050B-4E5D-8CBA-F8378442CF9C}.Release|Any CPU.Build.0 = Release|Any CPU
		{729BD458-BC88-4339-9C79-3E68537C4456}.Debug|Any CPU.ActiveCfg = Debug|Any CPU
		{729BD458-BC88-4339-9C79-3E68537C4456}.Debug|Any CPU.Build.0 = Debug|Any CPU
		{729BD458-BC88-4339-9C79-3E68537C4456}.Release|Any CPU.ActiveCfg = Release|Any CPU
		{729BD458-BC88-4339-9C79-3E68537C4456}.Release|Any CPU.Build.0 = Release|Any CPU
	EndGlobalSection
	GlobalSection(SolutionProperties) = preSolution
		HideSolutionNode = FALSE
	EndGlobalSection
EndGlobal
